
Microsoft Visual Studio Solution File, Format Version 12.00
# Visual Studio 15
VisualStudioVersion = 15.0.27428.2027
MinimumVisualStudioVersion = 10.0.40219.1
Project("{FAE04EC0-301F-11D3-BF4B-00C04F79EFBC}") = "RealAssigment", "RealAssigment\RealAssigment.csproj", "{9B4D1A87-A217-4887-8F44-A34DFF772623}"
EndProject
Global
	GlobalSection(SolutionConfigurationPlatforms) = preSolution
		Debug|Any CPU = Debug|Any CPU
		Release|Any CPU = Release|Any CPU
	EndGlobalSection
	GlobalSection(ProjectConfigurationPlatforms) = postSolution
		{9B4D1A87-A217-4887-8F44-A34DFF772623}.Debug|Any CPU.ActiveCfg = Debug|Any CPU
		{9B4D1A87-A217-4887-8F44-A34DFF772623}.Debug|Any CPU.Build.0 = Debug|Any CPU
		{9B4D1A87-A217-4887-8F44-A34DFF772623}.Release|Any CPU.ActiveCfg = Release|Any CPU
		{9B4D1A87-A217-4887-8F44-A34DFF772623}.Release|Any CPU.Build.0 = Release|Any CPU
	EndGlobalSection
	GlobalSection(SolutionProperties) = preSolution
		HideSolutionNode = FALSE
	EndGlobalSection
	GlobalSection(ExtensibilityGlobals) = postSolution
		SolutionGuid = {88140C64-367A-4200-B457-BADEB5B9BE18}
	EndGlobalSection
EndGlobal
